
Microsoft Visual Studio Solution File, Format Version 11.00
# Visual C# Express 2010
Project("{FAE04EC0-301F-11D3-BF4B-00C04F79EFBC}") = "ChatP2PApp", "ChatP2PApp\ChatP2PApp.csproj", "{9E5E5E8F-B7B0-43A6-9BC2-9417279CA991}"
EndProject
Global
	GlobalSection(SolutionConfigurationPlatforms) = preSolution
		Debug|Any CPU = Debug|Any CPU
		Release|Any CPU = Release|Any CPU
	EndGlobalSection
	GlobalSection(ProjectConfigurationPlatforms) = postSolution
		{9E5E5E8F-B7B0-43A6-9BC2-9417279CA991}.Debug|Any CPU.ActiveCfg = Debug|Any CPU
		{9E5E5E8F-B7B0-43A6-9BC2-9417279CA991}.Debug|Any CPU.Build.0 = Debug|Any CPU
		{9E5E5E8F-B7B0-43A6-9BC2-9417279CA991}.Release|Any CPU.ActiveCfg = Release|Any CPU
		{9E5E5E8F-B7B0-43A6-9BC2-9417279CA991}.Release|Any CPU.Build.0 = Release|Any CPU
	EndGlobalSection
	GlobalSection(SolutionProperties) = preSolution
		HideSolutionNode = FALSE
	EndGlobalSection
EndGlobal
